[[package]]
name = "addict"
version = "2.3.0"
description = "Addict is a dictionary whose items can be set using both attribute and item syntax."
category = "main"
optional = false
python-versions = "*"

[[package]]
name = "click"
version = "7.1.2"
description = "Composable command line interface toolkit"
category = "main"
optional = false
python-versions = ">=2.7, !=3.0.*, !=3.1.*, !=3.2.*, !=3.3.*, !=3.4.*"

[[package]]
name = "fastapi"
version = "0.61.1"
description = "FastAPI framework, high performance, easy to learn, fast to code, ready for production"
category = "main"
optional = false
python-versions = ">=3.6"

[package.dependencies]
pydantic = ">=1.0.0,<2.0.0"
starlette = "0.13.6"

[package.extras]
all = ["requests (>=2.24.0,<3.0.0)", "aiofiles (>=0.5.0,<0.6.0)", "jinja2 (>=2.11.2,<3.0.0)", "python-multipart (>=0.0.5,<0.0.6)", "itsdangerous (>=1.1.0,<2.0.0)", "pyyaml (>=5.3.1,<6.0.0)", "graphene (>=2.1.8,<3.0.0)", "ujson (>=3.0.0,<4.0.0)", "orjson (>=3.2.1,<4.0.0)", "email_validator (>=1.1.1,<2.0.0)", "uvicorn (>=0.11.5,<0.12.0)", "async_exit_stack (>=1.0.1,<2.0.0)", "async_generator (>=1.10,<2.0.0)"]
dev = ["python-jose[cryptography] (>=3.1.0,<4.0.0)", "passlib[bcrypt] (>=1.7.2,<2.0.0)", "autoflake (>=1.3.1,<2.0.0)", "flake8 (>=3.8.3,<4.0.0)", "uvicorn (>=0.11.5,<0.12.0)", "graphene (>=2.1.8,<3.0.0)"]
doc = ["mkdocs (>=1.1.2,<2.0.0)", "mkdocs-material (>=5.5.0,<6.0.0)", "markdown-include (>=0.5.1,<0.6.0)", "mkdocs-markdownextradata-plugin (>=0.1.7,<0.2.0)", "typer (>=0.3.0,<0.4.0)", "typer-cli (>=0.0.9,<0.0.10)", "pyyaml (>=5.3.1,<6.0.0)"]
test = ["pytest (==5.4.3)", "pytest-cov (==2.10.0)", "pytest-asyncio (>=0.14.0,<0.15.0)", "mypy (==0.782)", "flake8 (>=3.8.3,<4.0.0)", "black (==19.10b0)", "isort (>=5.0.6,<6.0.0)", "requests (>=2.24.0,<3.0.0)", "httpx (>=0.14.0,<0.15.0)", "email_validator (>=1.1.1,<2.0.0)", "sqlalchemy (>=1.3.18,<2.0.0)", "peewee (>=3.13.3,<4.0.0)", "databases[sqlite] (>=0.3.2,<0.4.0)", "orjson (>=3.2.1,<4.0.0)", "async_exit_stack (>=1.0.1,<2.0.0)", "async_generator (>=1.10,<2.0.0)", "python-multipart (>=0.0.5,<0.0.6)", "aiofiles (>=0.5.0,<0.6.0)", "flask (>=1.1.2,<2.0.0)"]

[[package]]
name = "flake8"
version = "3.8.4"
description = "the modular source code checker: pep8 pyflakes and co"
category = "dev"
optional = false
python-versions = "!=3.0.*,!=3.1.*,!=3.2.*,!=3.3.*,>=2.7"

[package.dependencies]
importlib-metadata = {version = "*", markers = "python_version < \"3.8\""}
mccabe = ">=0.6.0,<0.7.0"
pycodestyle = ">=2.6.0a1,<2.7.0"
pyflakes = ">=2.2.0,<2.3.0"

[[package]]
name = "flake8-docstrings"
version = "1.5.0"
description = "Extension for flake8 which uses pydocstyle to check docstrings"
category = "dev"
optional = false
python-versions = "*"

[package.dependencies]
flake8 = ">=3"
pydocstyle = ">=2.1"

[[package]]
name = "h11"
version = "0.11.0"
description = "A pure-Python, bring-your-own-I/O implementation of HTTP/1.1"
category = "main"
optional = false
python-versions = "*"

[[package]]
name = "importlib-metadata"
version = "2.0.0"
description = "Read metadata from Python packages"
category = "dev"
optional = false
python-versions = "!=3.0.*,!=3.1.*,!=3.2.*,!=3.3.*,!=3.4.*,>=2.7"

[package.dependencies]
zipp = ">=0.5"

[package.extras]
docs = ["sphinx", "rst.linker"]
testing = ["packaging", "pep517", "importlib-resources (>=1.3)"]

[[package]]
name = "mccabe"
version = "0.6.1"
description = "McCabe checker, plugin for flake8"
category = "dev"
optional = false
python-versions = "*"

[[package]]
name = "pycodestyle"
version = "2.6.0"
description = "Python style guide checker"
category = "dev"
optional = false
python-versions = ">=2.7, !=3.0.*, !=3.1.*, !=3.2.*, !=3.3.*"

[[package]]
name = "pydantic"
version = "1.7.1"
description = "Data validation and settings management using python 3.6 type hinting"
category = "main"
optional = false
python-versions = ">=3.6"

[package.extras]
dotenv = ["python-dotenv (>=0.10.4)"]
email = ["email-validator (>=1.0.3)"]
typing_extensions = ["typing-extensions (>=3.7.2)"]

[[package]]
name = "pydocstyle"
version = "5.1.1"
description = "Python docstring style checker"
category = "dev"
optional = false
python-versions = ">=3.5"

[package.dependencies]
snowballstemmer = "*"

[[package]]
name = "pyflakes"
version = "2.2.0"
description = "passive checker of Python programs"
category = "dev"
optional = false
python-versions = ">=2.7, !=3.0.*, !=3.1.*, !=3.2.*, !=3.3.*"

[[package]]
name = "pyjwt"
version = "1.7.1"
description = "JSON Web Token implementation in Python"
category = "main"
optional = false
python-versions = "*"

[package.extras]
crypto = ["cryptography (>=1.4)"]
flake8 = ["flake8", "flake8-import-order", "pep8-naming"]
test = ["pytest (>=4.0.1,<5.0.0)", "pytest-cov (>=2.6.0,<3.0.0)", "pytest-runner (>=4.2,<5.0.0)"]

[[package]]
name = "pymongo"
version = "3.11.0"
description = "Python driver for MongoDB <http://www.mongodb.org>"
category = "main"
optional = false
python-versions = ">=2.7,!=3.0.*,!=3.1.*,!=3.2.*,!=3.3.*"

[package.extras]
aws = ["pymongo-auth-aws (<2.0.0)"]
encryption = ["pymongocrypt (<2.0.0)"]
gssapi = ["pykerberos"]
ocsp = ["pyopenssl (>=17.2.0)", "requests (<3.0.0)", "service-identity (>=18.1.0)"]
snappy = ["python-snappy"]
srv = ["dnspython (>=1.16.0,<1.17.0)"]
tls = ["ipaddress"]
zstd = ["zstandard"]

[[package]]
name = "python-multipart"
version = "0.0.5"
description = "A streaming multipart parser for Python"
category = "main"
optional = false
python-versions = "*"

[package.dependencies]
six = ">=1.4.0"

[[package]]
name = "six"
version = "1.15.0"
description = "Python 2 and 3 compatibility utilities"
category = "main"
optional = false
python-versions = ">=2.7, !=3.0.*, !=3.1.*, !=3.2.*"

[[package]]
name = "snowballstemmer"
version = "2.0.0"
description = "This package provides 26 stemmers for 25 languages generated from Snowball algorithms."
category = "dev"
optional = false
python-versions = "*"

[[package]]
name = "starlette"
version = "0.13.6"
description = "The little ASGI library that shines."
category = "main"
optional = false
python-versions = ">=3.6"

[package.extras]
full = ["aiofiles", "graphene", "itsdangerous", "jinja2", "python-multipart", "pyyaml", "requests", "ujson"]

[[package]]
name = "typer"
version = "0.3.2"
description = "Typer, build great CLIs. Easy to code. Based on Python type hints."
category = "main"
optional = false
python-versions = ">=3.6"

[package.dependencies]
click = ">=7.1.1,<7.2.0"

[package.extras]
test = ["pytest-xdist (>=1.32.0,<2.0.0)", "pytest-sugar (>=0.9.4,<0.10.0)", "mypy (==0.782)", "black (>=19.10b0,<20.0b0)", "isort (>=5.0.6,<6.0.0)", "shellingham (>=1.3.0,<2.0.0)", "pytest (>=4.4.0,<5.4.0)", "pytest-cov (>=2.10.0,<3.0.0)", "coverage (>=5.2,<6.0)"]
all = ["colorama (>=0.4.3,<0.5.0)", "shellingham (>=1.3.0,<2.0.0)"]
dev = ["autoflake (>=1.3.1,<2.0.0)", "flake8 (>=3.8.3,<4.0.0)"]
doc = ["mkdocs (>=1.1.2,<2.0.0)", "mkdocs-material (>=5.4.0,<6.0.0)", "markdown-include (>=0.5.1,<0.6.0)"]

[[package]]
name = "typing-extensions"
version = "3.7.4.3"
description = "Backported and Experimental Type Hints for Python 3.5+"
category = "main"
optional = false
python-versions = "*"

[[package]]
name = "uvicorn"
version = "0.12.2"
description = "The lightning-fast ASGI server."
category = "main"
optional = false
python-versions = "*"

[package.dependencies]
click = ">=7.0.0,<8.0.0"
h11 = ">=0.8"
typing-extensions = {version = "*", markers = "python_version < \"3.8\""}

[package.extras]
standard = ["websockets (>=8.0.0,<9.0.0)", "watchgod (>=0.6,<0.7)", "python-dotenv (>=0.13)", "PyYAML (>=5.1)", "httptools (>=0.1.0,<0.2.0)", "uvloop (>=0.14.0)", "colorama (>=0.4)"]

[[package]]
name = "zipp"
version = "3.4.0"
description = "Backport of pathlib-compatible object wrapper for zip files"
category = "dev"
optional = false
python-versions = ">=3.6"

[package.extras]
docs = ["sphinx", "jaraco.packaging (>=3.2)", "rst.linker (>=1.9)"]
testing = ["pytest (>=3.5,!=3.7.3)", "pytest-checkdocs (>=1.2.3)", "pytest-flake8", "pytest-cov", "jaraco.test (>=3.2.0)", "jaraco.itertools", "func-timeout", "pytest-black (>=0.3.7)", "pytest-mypy"]

[metadata]
lock-version = "1.1"
python-versions = "^3.7"
content-hash = "c88f0d5400962b1af50b29ba6ef1362f665cbfe76d7e5e2fca93ff780b0f1589"

[metadata.files]
addict = [
    {file = "addict-2.3.0-py3-none-any.whl", hash = "sha256:69904f5650015d93043522b27316649b6dc877ab1eabb9ea9eb7b11386882edc"},
    {file = "addict-2.3.0.tar.gz", hash = "sha256:e8085624d18a9eecd7ec8a427f378f1e5036dfafba34c33fa29f0be8cd3a80b2"},
]
click = [
    {file = "click-7.1.2-py2.py3-none-any.whl", hash = "sha256:dacca89f4bfadd5de3d7489b7c8a566eee0d3676333fbb50030263894c38c0dc"},
    {file = "click-7.1.2.tar.gz", hash = "sha256:d2b5255c7c6349bc1bd1e59e08cd12acbbd63ce649f2588755783aa94dfb6b1a"},
]
fastapi = [
    {file = "fastapi-0.61.1-py3-none-any.whl", hash = "sha256:6cc31bb555dd8ca956d1d227477d661e4ac012337242a41d36214ffbda78bfe9"},
    {file = "fastapi-0.61.1.tar.gz", hash = "sha256:61ed73b4304413a2ea618d1b95ea866ee386e0e62dd8659c4f5059286f4a39c2"},
]
flake8 = [
    {file = "flake8-3.8.4-py2.py3-none-any.whl", hash = "sha256:749dbbd6bfd0cf1318af27bf97a14e28e5ff548ef8e5b1566ccfb25a11e7c839"},
    {file = "flake8-3.8.4.tar.gz", hash = "sha256:aadae8761ec651813c24be05c6f7b4680857ef6afaae4651a4eccaef97ce6c3b"},
]
flake8-docstrings = [
    {file = "flake8-docstrings-1.5.0.tar.gz", hash = "sha256:3d5a31c7ec6b7367ea6506a87ec293b94a0a46c0bce2bb4975b7f1d09b6f3717"},
    {file = "flake8_docstrings-1.5.0-py2.py3-none-any.whl", hash = "sha256:a256ba91bc52307bef1de59e2a009c3cf61c3d0952dbe035d6ff7208940c2edc"},
]
h11 = [
    {file = "h11-0.11.0-py2.py3-none-any.whl", hash = "sha256:ab6c335e1b6ef34b205d5ca3e228c9299cc7218b049819ec84a388c2525e5d87"},
    {file = "h11-0.11.0.tar.gz", hash = "sha256:3c6c61d69c6f13d41f1b80ab0322f1872702a3ba26e12aa864c928f6a43fbaab"},
]
importlib-metadata = [
    {file = "importlib_metadata-2.0.0-py2.py3-none-any.whl", hash = "sha256:cefa1a2f919b866c5beb7c9f7b0ebb4061f30a8a9bf16d609b000e2dfaceb9c3"},
    {file = "importlib_metadata-2.0.0.tar.gz", hash = "sha256:77a540690e24b0305878c37ffd421785a6f7e53c8b5720d211b211de8d0e95da"},
]
mccabe = [
    {file = "mccabe-0.6.1-py2.py3-none-any.whl", hash = "sha256:ab8a6258860da4b6677da4bd2fe5dc2c659cff31b3ee4f7f5d64e79735b80d42"},
    {file = "mccabe-0.6.1.tar.gz", hash = "sha256:dd8d182285a0fe56bace7f45b5e7d1a6ebcbf524e8f3bd87eb0f125271b8831f"},
]
pycodestyle = [
    {file = "pycodestyle-2.6.0-py2.py3-none-any.whl", hash = "sha256:2295e7b2f6b5bd100585ebcb1f616591b652db8a741695b3d8f5d28bdc934367"},
    {file = "pycodestyle-2.6.0.tar.gz", hash = "sha256:c58a7d2815e0e8d7972bf1803331fb0152f867bd89adf8a01dfd55085434192e"},
]
pydantic = [
    {file = "pydantic-1.7.1-cp36-cp36m-macosx_10_9_x86_64.whl", hash = "sha256:fa17aea411e78604f399eca4fa8eb78ac22cfb3ae49c4d209a374b58c03667c8"},
    {file = "pydantic-1.7.1-cp36-cp36m-manylinux1_i686.whl", hash = "sha256:25c6fd0ae10ba7cbddc52a9f8a74b9d2b42d1f7287da2bc52769a1c7297c326c"},
    {file = "pydantic-1.7.1-cp36-cp36m-manylinux2014_i686.whl", hash = "sha256:793faa33e9017698097a43cda52ba09267c09bacb81837163f229dd8a2242153"},
    {file = "pydantic-1.7.1-cp36-cp36m-manylinux2014_x86_64.whl", hash = "sha256:59cc0deb5a2138bee556b81fee3f12e8f25e7038a2b4d1027ec4e597d587625b"},
    {file = "pydantic-1.7.1-cp36-cp36m-win_amd64.whl", hash = "sha256:b0f7125c725efe061669f6a0422677634750c7b6ffc397c95e0f10f62210445b"},
    {file = "pydantic-1.7.1-cp37-cp37m-macosx_10_9_x86_64.whl", hash = "sha256:504b1d32ceb09880494f1da725de5433ba0c3004b32e8fa83386b39bb8974f2f"},
    {file = "pydantic-1.7.1-cp37-cp37m-manylinux1_i686.whl", hash = "sha256:80a5ec76a4cda1e1396cda39b817917e22b94885376870cb9b830c5cc4b1c4c7"},
    {file = "pydantic-1.7.1-cp37-cp37m-manylinux2014_i686.whl", hash = "sha256:c62d2d8ee90ec8095ae546380e39a1f3bad609d4f01b49cd46f3cf680f2a6eef"},
    {file = "pydantic-1.7.1-cp37-cp37m-manylinux2014_x86_64.whl", hash = "sha256:fc8b4f694d8d501873b52a2418215312a592a6a3dfd2629a90c4ae8a7e00cc06"},
    {file = "pydantic-1.7.1-cp37-cp37m-win_amd64.whl", hash = "sha256:87e5c375e33cb293a2283e27315e415ad0ed4e86e55241fd2147fdd03a81cafd"},
    {file = "pydantic-1.7.1-cp38-cp38-macosx_10_9_x86_64.whl", hash = "sha256:35061545e9459e0dec7ec79e716482b53a30afb03eb1c987950e702c2c653db2"},
    {file = "pydantic-1.7.1-cp38-cp38-manylinux1_i686.whl", hash = "sha256:f12edcb197bb831458b87bbd377e777c71fd1bd2ee2d8b798e1e97857170fe7e"},
    {file = "pydantic-1.7.1-cp38-cp38-manylinux2014_i686.whl", hash = "sha256:01fb8d6d809ce52eb977ee88751beab825c87d730b5dfc30de7be7ebfa81c7fe"},
    {file = "pydantic-1.7.1-cp38-cp38-manylinux2014_x86_64.whl", hash = "sha256:020af3ac043a94714a8bfd98fffdc181ad5881546886f3d0b4b5977da4760f0b"},
    {file = "pydantic-1.7.1-cp38-cp38-win_amd64.whl", hash = "sha256:cba1704fabba71c5b9b6160a2fe67001c6c1148ae554e03cfa17e9880b8d8283"},
    {file = "pydantic-1.7.1-cp39-cp39-macosx_10_9_x86_64.whl", hash = "sha256:7e297c942ff5dbefb2ed3c788f8a2d27456d3b21200a5e3353e5ad0737ec3957"},
    {file = "pydantic-1.7.1-cp39-cp39-manylinux1_i686.whl", hash = "sha256:34218f5ba894a9784a957e1d1c4227fb2cd3afbeee560c501f57e721648e5f0e"},
    {file = "pydantic-1.7.1-cp39-cp39-manylinux2014_i686.whl", hash = "sha256:d3be2be622d39669fe66ecb4c4441ed5c200f7f2399efa66d8c3ff2de9d6f22b"},
    {file = "pydantic-1.7.1-cp39-cp39-manylinux2014_x86_64.whl", hash = "sha256:64cc4067a2189ca41dbb994e6f1c3acc2c30d0242451f62fc6863ac0f8c4fcaa"},
    {file = "pydantic-1.7.1-cp39-cp39-win_amd64.whl", hash = "sha256:21598ed52336ac62aa233e40dfef569ea36eacb16ddb8eb4c4bf7b35289523a1"},
    {file = "pydantic-1.7.1-py3-none-any.whl", hash = "sha256:7c49dfebdd213eee43b55dc847b105dd0558de23adce8b49e8181ac656b91565"},
    {file = "pydantic-1.7.1.tar.gz", hash = "sha256:bc66dba824948b28919049aafc5866083e71ec284c188e8def41aff4bcf06139"},
]
pydocstyle = [
    {file = "pydocstyle-5.1.1-py3-none-any.whl", hash = "sha256:aca749e190a01726a4fb472dd4ef23b5c9da7b9205c0a7857c06533de13fd678"},
    {file = "pydocstyle-5.1.1.tar.gz", hash = "sha256:19b86fa8617ed916776a11cd8bc0197e5b9856d5433b777f51a3defe13075325"},
]
pyflakes = [
    {file = "pyflakes-2.2.0-py2.py3-none-any.whl", hash = "sha256:0d94e0e05a19e57a99444b6ddcf9a6eb2e5c68d3ca1e98e90707af8152c90a92"},
    {file = "pyflakes-2.2.0.tar.gz", hash = "sha256:35b2d75ee967ea93b55750aa9edbbf72813e06a66ba54438df2cfac9e3c27fc8"},
]
pyjwt = [
    {file = "PyJWT-1.7.1-py2.py3-none-any.whl", hash = "sha256:5c6eca3c2940464d106b99ba83b00c6add741c9becaec087fb7ccdefea71350e"},
    {file = "PyJWT-1.7.1.tar.gz", hash = "sha256:8d59a976fb773f3e6a39c85636357c4f0e242707394cadadd9814f5cbaa20e96"},
]
pymongo = [
    {file = "pymongo-3.11.0-cp27-cp27m-macosx_10_15_x86_64.whl", hash = "sha256:7a4a6f5b818988a3917ec4baa91d1143242bdfece8d38305020463955961266a"},
    {file = "pymongo-3.11.0-cp27-cp27m-manylinux1_i686.whl", hash = "sha256:c4869141e20769b65d2d72686e7a7eb141ce9f3168106bed3e7dcced54eb2422"},
    {file = "pymongo-3.11.0-cp27-cp27m-manylinux1_x86_64.whl", hash = "sha256:ef76535776c0708a85258f6dc51d36a2df12633c735f6d197ed7dfcaa7449b99"},
    {file = "pymongo-3.11.0-cp27-cp27m-win32.whl", hash = "sha256:d226e0d4b9192d95079a9a29c04dd81816b1ce8903b8c174a39224fe978547cb"},
    {file = "pymongo-3.11.0-cp27-cp27m-win_amd64.whl", hash = "sha256:68220b81850de8e966d4667d5c325a96c6ac0d6adb3d18935d6e3d325d441f48"},
    {file = "pymongo-3.11.0-cp27-cp27mu-manylinux1_i686.whl", hash = "sha256:f6efca006a81e1197b925a7d7b16b8f61980697bb6746587aad8842865233218"},
    {file = "pymongo-3.11.0-cp27-cp27mu-manylinux1_x86_64.whl", hash = "sha256:7307024b18266b302f4265da84bb1effb5d18999ef35b30d17592959568d5c0a"},
    {file = "pymongo-3.11.0-cp34-cp34m-macosx_10_6_intel.whl", hash = "sha256:8ea13d0348b4c96b437d944d7068d59ed4a6c98aaa6c40d8537a2981313f1c66"},
    {file = "pymongo-3.11.0-cp34-cp34m-manylinux1_i686.whl", hash = "sha256:6a15e2bee5c4188369a87ed6f02de804651152634a46cca91966a11c8abd2550"},
    {file = "pymongo-3.11.0-cp34-cp34m-manylinux1_x86_64.whl", hash = "sha256:d64c98277ea80e4484f1332ab107e8dfd173a7dcf1bdbf10a9cccc97aaab145f"},
    {file = "pymongo-3.11.0-cp34-cp34m-win32.whl", hash = "sha256:83c5a3ecd96a9f3f11cfe6dfcbcec7323265340eb24cc996acaecea129865a3a"},
    {file = "pymongo-3.11.0-cp34-cp34m-win_amd64.whl", hash = "sha256:890b0f1e18dbd898aeb0ab9eae1ab159c6bcbe87f0abb065b0044581d8614062"},
    {file = "pymongo-3.11.0-cp35-cp35m-macosx_10_6_intel.whl", hash = "sha256:9fc17fdac8f1973850d42e51e8ba6149d93b1993ed6768a24f352f926dd3d587"},
    {file = "pymongo-3.11.0-cp35-cp35m-manylinux1_i686.whl", hash = "sha256:421aa1b92c291c429668bd8d8d8ec2bd00f183483a756928e3afbf2b6f941f00"},
    {file = "pymongo-3.11.0-cp35-cp35m-manylinux1_x86_64.whl", hash = "sha256:a2787319dc69854acdfd6452e6a8ba8f929aeb20843c7f090e04159fc18e6245"},
    {file = "pymongo-3.11.0-cp35-cp35m-manylinux2014_aarch64.whl", hash = "sha256:455f4deb00158d5ec8b1d3092df6abb681b225774ab8a59b3510293b4c8530e3"},
    {file = "pymongo-3.11.0-cp35-cp35m-manylinux2014_i686.whl", hash = "sha256:25e617daf47d8dfd4e152c880cd0741cbdb48e51f54b8de9ddbfe74ecd87dd16"},
    {file = "pymongo-3.11.0-cp35-cp35m-manylinux2014_ppc64le.whl", hash = "sha256:7122ffe597b531fb065d3314e704a6fe152b81820ca5f38543e70ffcc95ecfd4"},
    {file = "pymongo-3.11.0-cp35-cp35m-manylinux2014_s390x.whl", hash = "sha256:d0565481dc196986c484a7fb13214fc6402201f7fb55c65fd215b3324962fe6c"},
    {file = "pymongo-3.11.0-cp35-cp35m-manylinux2014_x86_64.whl", hash = "sha256:4437300eb3a5e9cc1a73b07d22c77302f872f339caca97e9bf8cf45eca8fa0d2"},
    {file = "pymongo-3.11.0-cp35-cp35m-win32.whl", hash = "sha256:d38b35f6eef4237b1d0d8e845fc1546dad85c55eba447e28c211da8c7ef9697c"},
    {file = "pymongo-3.11.0-cp35-cp35m-win_amd64.whl", hash = "sha256:137e6fa718c7eff270dbd2fc4b90d94b1a69c9e9eb3f3de9e850a7fd33c822dc"},
    {file = "pymongo-3.11.0-cp36-cp36m-macosx_10_9_x86_64.whl", hash = "sha256:c0d660a186e36c526366edf8a64391874fe53cf8b7039224137aee0163c046df"},
    {file = "pymongo-3.11.0-cp36-cp36m-manylinux1_i686.whl", hash = "sha256:d1b3366329c45a474b3bbc9b9c95d4c686e03f35da7fd12bc144626d1f2a7c04"},
    {file = "pymongo-3.11.0-cp36-cp36m-manylinux1_x86_64.whl", hash = "sha256:b7c522292407fa04d8195032493aac937e253ad9ae524aab43b9d9d242571f03"},
    {file = "pymongo-3.11.0-cp36-cp36m-manylinux2014_aarch64.whl", hash = "sha256:9755c726aa6788f076114dfdc03b92b03ff8860316cca00902cce88bcdb5fedd"},
    {file = "pymongo-3.11.0-cp36-cp36m-manylinux2014_i686.whl", hash = "sha256:50531caa7b4be1c4ed5e2d5793a4e51cc9bd62a919a6fd3299ef7c902e206eab"},
    {file = "pymongo-3.11.0-cp36-cp36m-manylinux2014_ppc64le.whl", hash = "sha256:cc4057f692ac35bbe82a0a908d42ce3a281c9e913290fac37d7fa3bd01307dfb"},
    {file = "pymongo-3.11.0-cp36-cp36m-manylinux2014_s390x.whl", hash = "sha256:213c445fe7e654621c6309e874627c35354b46ef3ee807f5a1927dc4b30e1a67"},
    {file = "pymongo-3.11.0-cp36-cp36m-manylinux2014_x86_64.whl", hash = "sha256:4ae23fbbe9eadf61279a26eba866bbf161a6f7e2ffad14a42cf20e9cb8e94166"},
    {file = "pymongo-3.11.0-cp36-cp36m-win32.whl", hash = "sha256:8deda1f7b4c03242f2a8037706d9584e703f3d8c74d6d9cac5833db36fe16c42"},
    {file = "pymongo-3.11.0-cp36-cp36m-win_amd64.whl", hash = "sha256:e8c446882cbb3774cd78c738c9f58220606b702b7c1655f1423357dc51674054"},
    {file = "pymongo-3.11.0-cp37-cp37m-macosx_10_9_x86_64.whl", hash = "sha256:d9de8427a5601799784eb0e7fa1b031aa64086ce04de29df775a8ca37eedac41"},
    {file = "pymongo-3.11.0-cp37-cp37m-manylinux1_i686.whl", hash = "sha256:3d9bb1ba935a90ec4809a8031efd988bdb13cdba05d9e9a3e9bf151bf759ecde"},
    {file = "pymongo-3.11.0-cp37-cp37m-manylinux1_x86_64.whl", hash = "sha256:96782ebb3c9e91e174c333208b272ea144ed2a684413afb1038e3b3342230d72"},
    {file = "pymongo-3.11.0-cp37-cp37m-manylinux2014_aarch64.whl", hash = "sha256:50127b13b38e8e586d5e97d342689405edbd74ad0bd891d97ee126a8c7b6e45f"},
    {file = "pymongo-3.11.0-cp37-cp37m-manylinux2014_i686.whl", hash = "sha256:bd312794f51e37dcf77f013d40650fe4fbb211dd55ef2863839c37480bd44369"},
    {file = "pymongo-3.11.0-cp37-cp37m-manylinux2014_ppc64le.whl", hash = "sha256:4797c0080f41eba90404335e5ded3aa66731d303293a675ff097ce4ea3025bb9"},
    {file = "pymongo-3.11.0-cp37-cp37m-manylinux2014_s390x.whl", hash = "sha256:1f865b1d1c191d785106f54df9abdc7d2f45a946b45fd1ea0a641b4f982a2a77"},
    {file = "pymongo-3.11.0-cp37-cp37m-manylinux2014_x86_64.whl", hash = "sha256:cccf1e7806f12300e3a3b48f219e111000c2538483e85c869c35c1ae591e6ce9"},
    {file = "pymongo-3.11.0-cp37-cp37m-win32.whl", hash = "sha256:05fcc6f9c60e6efe5219fbb5a30258adb3d3e5cbd317068f3d73c09727f2abb6"},
    {file = "pymongo-3.11.0-cp37-cp37m-win_amd64.whl", hash = "sha256:9dbab90c348c512e03f146e93a5e2610acec76df391043ecd46b6b775d5397e6"},
    {file = "pymongo-3.11.0-cp38-cp38-macosx_10_9_x86_64.whl", hash = "sha256:689142dc0c150e9cb7c012d84cac2c346d40beb891323afb6caf18ec4caafae0"},
    {file = "pymongo-3.11.0-cp38-cp38-manylinux1_i686.whl", hash = "sha256:4b32744901ee9990aa8cd488ec85634f443526def1e5190a407dc107148249d7"},
    {file = "pymongo-3.11.0-cp38-cp38-manylinux1_x86_64.whl", hash = "sha256:e6a15cf8f887d9f578dd49c6fb3a99d53e1d922fdd67a245a67488d77bf56eb2"},
    {file = "pymongo-3.11.0-cp38-cp38-manylinux2014_aarch64.whl", hash = "sha256:e8d188ee39bd0ffe76603da887706e4e7b471f613625899ddf1e27867dc6a0d3"},
    {file = "pymongo-3.11.0-cp38-cp38-manylinux2014_i686.whl", hash = "sha256:9ee0eef254e340cc11c379f797af3977992a7f2c176f1a658740c94bf677e13c"},
    {file = "pymongo-3.11.0-cp38-cp38-manylinux2014_ppc64le.whl", hash = "sha256:91e96bf85b7c07c827d339a386e8a3cf2e90ef098c42595227f729922d0851df"},
    {file = "pymongo-3.11.0-cp38-cp38-manylinux2014_s390x.whl", hash = "sha256:ce208f80f398522e49d9db789065c8ad2cd37b21bd6b23d30053474b7416af11"},
    {file = "pymongo-3.11.0-cp38-cp38-manylinux2014_x86_64.whl", hash = "sha256:475a34a0745c456ceffaec4ce86b7e0983478f1b6140890dff7b161e7bcd895b"},
    {file = "pymongo-3.11.0-cp38-cp38-win32.whl", hash = "sha256:40696a9a53faa7d85aaa6fd7bef1cae08f7882640bad08c350fb59dee7ad069b"},
    {file = "pymongo-3.11.0-cp38-cp38-win_amd64.whl", hash = "sha256:03dc64a9aa7a5d405aea5c56db95835f6a2fa31b3502c5af1760e0e99210be30"},
    {file = "pymongo-3.11.0-py2.7-macosx-10.15-x86_64.egg", hash = "sha256:63a5387e496a98170ffe638b435c0832c0f2011a6f4ff7a2880f17669fff8c03"},
    {file = "pymongo-3.11.0.tar.gz", hash = "sha256:076a7f2f7c251635cf6116ac8e45eefac77758ee5a77ab7bd2f63999e957613b"},
]
python-multipart = [
    {file = "python-multipart-0.0.5.tar.gz", hash = "sha256:f7bb5f611fc600d15fa47b3974c8aa16e93724513b49b5f95c81e6624c83fa43"},
]
six = [
    {file = "six-1.15.0-py2.py3-none-any.whl", hash = "sha256:8b74bedcbbbaca38ff6d7491d76f2b06b3592611af620f8426e82dddb04a5ced"},
    {file = "six-1.15.0.tar.gz", hash = "sha256:30639c035cdb23534cd4aa2dd52c3bf48f06e5f4a941509c8bafd8ce11080259"},
]
snowballstemmer = [
    {file = "snowballstemmer-2.0.0-py2.py3-none-any.whl", hash = "sha256:209f257d7533fdb3cb73bdbd24f436239ca3b2fa67d56f6ff88e86be08cc5ef0"},
    {file = "snowballstemmer-2.0.0.tar.gz", hash = "sha256:df3bac3df4c2c01363f3dd2cfa78cce2840a79b9f1c2d2de9ce8d31683992f52"},
]
starlette = [
    {file = "starlette-0.13.6-py3-none-any.whl", hash = "sha256:bd2ffe5e37fb75d014728511f8e68ebf2c80b0fa3d04ca1479f4dc752ae31ac9"},
    {file = "starlette-0.13.6.tar.gz", hash = "sha256:ebe8ee08d9be96a3c9f31b2cb2a24dbdf845247b745664bd8a3f9bd0c977fdbc"},
]
typer = [
    {file = "typer-0.3.2-py3-none-any.whl", hash = "sha256:ba58b920ce851b12a2d790143009fa00ac1d05b3ff3257061ff69dbdfc3d161b"},
    {file = "typer-0.3.2.tar.gz", hash = "sha256:5455d750122cff96745b0dec87368f56d023725a7ebc9d2e54dd23dc86816303"},
]
typing-extensions = [
    {file = "typing_extensions-3.7.4.3-py2-none-any.whl", hash = "sha256:dafc7639cde7f1b6e1acc0f457842a83e722ccca8eef5270af2d74792619a89f"},
    {file = "typing_extensions-3.7.4.3-py3-none-any.whl", hash = "sha256:7cb407020f00f7bfc3cb3e7881628838e69d8f3fcab2f64742a5e76b2f841918"},
    {file = "typing_extensions-3.7.4.3.tar.gz", hash = "sha256:99d4073b617d30288f569d3f13d2bd7548c3a7e4c8de87db09a9d29bb3a4a60c"},
]
uvicorn = [
    {file = "uvicorn-0.12.2-py3-none-any.whl", hash = "sha256:e5dbed4a8a44c7b04376021021d63798d6a7bcfae9c654a0b153577b93854fba"},
    {file = "uvicorn-0.12.2.tar.gz", hash = "sha256:8ff7495c74b8286a341526ff9efa3988ebab9a4b2f561c7438c3cb420992d7dd"},
]
zipp = [
    {file = "zipp-3.4.0-py3-none-any.whl", hash = "sha256:102c24ef8f171fd729d46599845e95c7ab894a4cf45f5de11a44cc7444fb1108"},
    {file = "zipp-3.4.0.tar.gz", hash = "sha256:ed5eee1974372595f9e416cc7bbeeb12335201d8081ca8a0743c954d4446e5cb"},
]
